{
  "name": "ofim",
  "version": "1.0.0",
  "lockfileVersion": 1,
  "requires": true,
  "dependencies": {
    "humanize-duration": {
      "version": "3.17.0",
      "resolved": "https://registry.npmjs.org/humanize-duration/-/humanize-duration-3.17.0.tgz",
      "integrity": "sha512-9em7CXFa0my1DF3aIQg0sTRyAX2znEOMHolUvu9nSTUjS+bRD32y0MH+Hnm3Xu0cSWrxpYb2isXSfH9pF2LP8g=="
    },
    "moment": {
      "version": "2.23.0",
      "resolved": "https://registry.npmjs.org/moment/-/moment-2.23.0.tgz",
      "integrity": "sha512-3IE39bHVqFbWWaPOMHZF98Q9c3LDKGTmypMiTM2QygGXXElkFWIH7GxfmlwmY2vwa+wmNsoYZmG2iusf1ZjJoA=="
    },
    "numeral": {
      "version": "2.0.6",
      "resolved": "https://registry.npmjs.org/numeral/-/numeral-2.0.6.tgz",
      "integrity": "sha1-StCAk21EPCVhrtnyGX7//iX05QY="
    }
  }
}
